
Microsoft Visual Studio Solution File, Format Version 12.00
# Visual Studio Version 17
VisualStudioVersion = 17.14.36811.4 d17.14
MinimumVisualStudioVersion = 10.0.40219.1
Project("{FAE04EC0-301F-11D3-BF4B-00C04F79EFBC}") = "FightTracker.Api", "FightTracker.Api\FightTracker.Api.csproj", "{3C866CBC-D97F-4C71-8E7F-1051411B4C0B}"
EndProject
Project("{FAE04EC0-301F-11D3-BF4B-00C04F79EFBC}") = "FightTracker.Application", "FightTracker.Application\FightTracker.Application.csproj", "{6F153206-2042-43CB-B97D-00C4119385CD}"
EndProject
Project("{FAE04EC0-301F-11D3-BF4B-00C04F79EFBC}") = "FightTracker.Infrastructure", "FightTracker.Infrastructure\FightTracker.Infrastructure.csproj", "{59943454-37FB-4B96-B08C-E910BF83DE14}"
EndProject
Project("{FAE04EC0-301F-11D3-BF4B-00C04F79EFBC}") = "FightTracker.Core", "FightTracker.Core\FightTracker.Core.csproj", "{DCCF99F3-D3EC-49FB-B6EF-3521F61C955B}"
EndProject
Global
	GlobalSection(SolutionConfigurationPlatforms) = preSolution
		Debug|Any CPU = Debug|Any CPU
		Release|Any CPU = Release|Any CPU
	EndGlobalSection
	GlobalSection(ProjectConfigurationPlatforms) = postSolution
		{3C866CBC-D97F-4C71-8E7F-1051411B4C0B}.Debug|Any CPU.ActiveCfg = Debug|Any CPU
		{3C866CBC-D97F-4C71-8E7F-1051411B4C0B}.Debug|Any CPU.Build.0 = Debug|Any CPU
		{3C866CBC-D97F-4C71-8E7F-1051411B4C0B}.Release|Any CPU.ActiveCfg = Release|Any CPU
		{3C866CBC-D97F-4C71-8E7F-1051411B4C0B}.Release|Any CPU.Build.0 = Release|Any CPU
		{6F153206-2042-43CB-B97D-00C4119385CD}.Debug|Any CPU.ActiveCfg = Debug|Any CPU
		{6F153206-2042-43CB-B97D-00C4119385CD}.Debug|Any CPU.Build.0 = Debug|Any CPU
		{6F153206-2042-43CB-B97D-00C4119385CD}.Release|Any CPU.ActiveCfg = Release|Any CPU
		{6F153206-2042-43CB-B97D-00C4119385CD}.Release|Any CPU.Build.0 = Release|Any CPU
		{59943454-37FB-4B96-B08C-E910BF83DE14}.Debug|Any CPU.ActiveCfg = Debug|Any CPU
		{59943454-37FB-4B96-B08C-E910BF83DE14}.Debug|Any CPU.Build.0 = Debug|Any CPU
		{59943454-37FB-4B96-B08C-E910BF83DE14}.Release|Any CPU.ActiveCfg = Release|Any CPU
		{59943454-37FB-4B96-B08C-E910BF83DE14}.Release|Any CPU.Build.0 = Release|Any CPU
		{DCCF99F3-D3EC-49FB-B6EF-3521F61C955B}.Debug|Any CPU.ActiveCfg = Debug|Any CPU
		{DCCF99F3-D3EC-49FB-B6EF-3521F61C955B}.Debug|Any CPU.Build.0 = Debug|Any CPU
		{DCCF99F3-D3EC-49FB-B6EF-3521F61C955B}.Release|Any CPU.ActiveCfg = Release|Any CPU
		{DCCF99F3-D3EC-49FB-B6EF-3521F61C955B}.Release|Any CPU.Build.0 = Release|Any CPU
	EndGlobalSection
	GlobalSection(SolutionProperties) = preSolution
		HideSolutionNode = FALSE
	EndGlobalSection
	GlobalSection(ExtensibilityGlobals) = postSolution
		SolutionGuid = {15CD893A-560D-43FB-A45C-28F155E43671}
	EndGlobalSection
EndGlobal
